
Microsoft Visual Studio Solution File, Format Version 12.00
# Visual Studio 14
VisualStudioVersion = 14.0.25123.0
MinimumVisualStudioVersion = 10.0.40219.1
Project("{FAE04EC0-301F-11D3-BF4B-00C04F79EFBC}") = "IncludeReferencedFiles", "IncludeReferencedFiles\IncludeReferencedFiles.csproj", "{0737E993-3CFE-446C-867C-FED1557EF7A5}"
EndProject
Project("{FAE04EC0-301F-11D3-BF4B-00C04F79EFBC}") = "OnlyIncludeSpecifiedFiles", "OnlyIncludeSpecifiedFiles\OnlyIncludeSpecifiedFiles.csproj", "{FBF697BF-7CAA-40BE-806F-384CD226B6B2}"
EndProject
Global
	GlobalSection(SolutionConfigurationPlatforms) = preSolution
		Debug|Any CPU = Debug|Any CPU
		Release|Any CPU = Release|Any CPU
	EndGlobalSection
	GlobalSection(ProjectConfigurationPlatforms) = postSolution
		{0737E993-3CFE-446C-867C-FED1557EF7A5}.Debug|Any CPU.ActiveCfg = Debug|Any CPU
		{0737E993-3CFE-446C-867C-FED1557EF7A5}.Debug|Any CPU.Build.0 = Debug|Any CPU
		{0737E993-3CFE-446C-867C-FED1557EF7A5}.Release|Any CPU.ActiveCfg = Release|Any CPU
		{0737E993-3CFE-446C-867C-FED1557EF7A5}.Release|Any CPU.Build.0 = Release|Any CPU
		{FBF697BF-7CAA-40BE-806F-384CD226B6B2}.Debug|Any CPU.ActiveCfg = Debug|Any CPU
		{FBF697BF-7CAA-40BE-806F-384CD226B6B2}.Debug|Any CPU.Build.0 = Debug|Any CPU
		{FBF697BF-7CAA-40BE-806F-384CD226B6B2}.Release|Any CPU.ActiveCfg = Release|Any CPU
		{FBF697BF-7CAA-40BE-806F-384CD226B6B2}.Release|Any CPU.Build.0 = Release|Any CPU
	EndGlobalSection
	GlobalSection(SolutionProperties) = preSolution
		HideSolutionNode = FALSE
	EndGlobalSection
EndGlobal
